
Microsoft Visual Studio Solution File, Format Version 12.00
# Visual Studio Version 17
VisualStudioVersion = 17.7.34024.191
MinimumVisualStudioVersion = 10.0.40219.1
Project("{FAE04EC0-301F-11D3-BF4B-00C04F79EFBC}") = "DIP", "DIP\DIP.csproj", "{F8EAE395-5EB3-4BF6-AB6D-7D096ACA85EE}"
EndProject
Global
	GlobalSection(SolutionConfigurationPlatforms) = preSolution
		Debug|Any CPU = Debug|Any CPU
		Release|Any CPU = Release|Any CPU
	EndGlobalSection
	GlobalSection(ProjectConfigurationPlatforms) = postSolution
		{F8EAE395-5EB3-4BF6-AB6D-7D096ACA85EE}.Debug|Any CPU.ActiveCfg = Debug|Any CPU
		{F8EAE395-5EB3-4BF6-AB6D-7D096ACA85EE}.Debug|Any CPU.Build.0 = Debug|Any CPU
		{F8EAE395-5EB3-4BF6-AB6D-7D096ACA85EE}.Release|Any CPU.ActiveCfg = Release|Any CPU
		{F8EAE395-5EB3-4BF6-AB6D-7D096ACA85EE}.Release|Any CPU.Build.0 = Release|Any CPU
	EndGlobalSection
	GlobalSection(SolutionProperties) = preSolution
		HideSolutionNode = FALSE
	EndGlobalSection
	GlobalSection(ExtensibilityGlobals) = postSolution
		SolutionGuid = {EC5B1746-696A-47B9-A21D-4691BC8178AA}
	EndGlobalSection
EndGlobal
